
Microsoft Visual Studio Solution File, Format Version 12.00
# Visual Studio Version 17
VisualStudioVersion = 17.2.32616.157
MinimumVisualStudioVersion = 10.0.40219.1
Project("{FAE04EC0-301F-11D3-BF4B-00C04F79EFBC}") = "DurableFunctionsMonitorPattern", "DurableFunctionsMonitorPattern\DurableFunctionsMonitorPattern.csproj", "{5BDB69E6-00F8-4D60-AE6D-A03A49ACD01E}"
EndProject
Global
	GlobalSection(SolutionConfigurationPlatforms) = preSolution
		Debug|Any CPU = Debug|Any CPU
		Release|Any CPU = Release|Any CPU
	EndGlobalSection
	GlobalSection(ProjectConfigurationPlatforms) = postSolution
		{5BDB69E6-00F8-4D60-AE6D-A03A49ACD01E}.Debug|Any CPU.ActiveCfg = Debug|Any CPU
		{5BDB69E6-00F8-4D60-AE6D-A03A49ACD01E}.Debug|Any CPU.Build.0 = Debug|Any CPU
		{5BDB69E6-00F8-4D60-AE6D-A03A49ACD01E}.Release|Any CPU.ActiveCfg = Release|Any CPU
		{5BDB69E6-00F8-4D60-AE6D-A03A49ACD01E}.Release|Any CPU.Build.0 = Release|Any CPU
	EndGlobalSection
	GlobalSection(SolutionProperties) = preSolution
		HideSolutionNode = FALSE
	EndGlobalSection
	GlobalSection(ExtensibilityGlobals) = postSolution
		SolutionGuid = {F6EDA3C4-7702-4328-A4B6-94532940AB43}
	EndGlobalSection
EndGlobal
