
Microsoft Visual Studio Solution File, Format Version 12.00
# Visual Studio Version 17
VisualStudioVersion = 17.1.32319.34
MinimumVisualStudioVersion = 10.0.40219.1
Project("{FAE04EC0-301F-11D3-BF4B-00C04F79EFBC}") = "GrpcServiceSample", "GrpcServiceSample\GrpcServiceSample.csproj", "{460E2DD5-51A9-43DD-856B-1ECDA6E91ACF}"
EndProject
Project("{FAE04EC0-301F-11D3-BF4B-00C04F79EFBC}") = "GrpcClientSample", "GrpcClientSample\GrpcClientSample.csproj", "{1B7F13B3-AC56-425D-9A41-FC9684B47C04}"
EndProject
Global
	GlobalSection(SolutionConfigurationPlatforms) = preSolution
		Debug|Any CPU = Debug|Any CPU
		Release|Any CPU = Release|Any CPU
	EndGlobalSection
	GlobalSection(ProjectConfigurationPlatforms) = postSolution
		{460E2DD5-51A9-43DD-856B-1ECDA6E91ACF}.Debug|Any CPU.ActiveCfg = Debug|Any CPU
		{460E2DD5-51A9-43DD-856B-1ECDA6E91ACF}.Debug|Any CPU.Build.0 = Debug|Any CPU
		{460E2DD5-51A9-43DD-856B-1ECDA6E91ACF}.Release|Any CPU.ActiveCfg = Release|Any CPU
		{460E2DD5-51A9-43DD-856B-1ECDA6E91ACF}.Release|Any CPU.Build.0 = Release|Any CPU
		{1B7F13B3-AC56-425D-9A41-FC9684B47C04}.Debug|Any CPU.ActiveCfg = Debug|Any CPU
		{1B7F13B3-AC56-425D-9A41-FC9684B47C04}.Debug|Any CPU.Build.0 = Debug|Any CPU
		{1B7F13B3-AC56-425D-9A41-FC9684B47C04}.Release|Any CPU.ActiveCfg = Release|Any CPU
		{1B7F13B3-AC56-425D-9A41-FC9684B47C04}.Release|Any CPU.Build.0 = Release|Any CPU
	EndGlobalSection
	GlobalSection(SolutionProperties) = preSolution
		HideSolutionNode = FALSE
	EndGlobalSection
	GlobalSection(ExtensibilityGlobals) = postSolution
		SolutionGuid = {84C3C18C-64D6-4175-940F-686C86A9DCC7}
	EndGlobalSection
EndGlobal
