
Microsoft Visual Studio Solution File, Format Version 12.00
# Visual Studio Version 17
VisualStudioVersion = 17.0.32014.148
MinimumVisualStudioVersion = 10.0.40219.1
Project("{151D2E53-A2C4-4D7D-83FE-D05416EBD58E}") = "ExistingARMTemplate", "ExistingARMTemplate\ExistingARMTemplate.deployproj", "{64C2DE19-ACC5-4720-90EF-6A2943D80323}"
EndProject
Project("{2150E333-8FDC-42A3-9474-1A3956D46DE8}") = "ConvertedBicepTemplate", "ConvertedBicepTemplate", "{E7EBD63C-9D1E-4DDD-951D-761ACFA7009C}"
	ProjectSection(SolutionItems) = preProject
		ConvertedBicepTemplate\azuredeploy.bicep = ConvertedBicepTemplate\azuredeploy.bicep
		ConvertedBicepTemplate\azuredeploy.parameters.dev.json = ConvertedBicepTemplate\azuredeploy.parameters.dev.json
		ConvertedBicepTemplate\azuredeploy.parameters.prd.json = ConvertedBicepTemplate\azuredeploy.parameters.prd.json
		ConvertedBicepTemplate\azuredeploy.parameters.tst.json = ConvertedBicepTemplate\azuredeploy.parameters.tst.json
		ConvertedBicepTemplate\azuredeploy.parameters.uat.json = ConvertedBicepTemplate\azuredeploy.parameters.uat.json
	EndProjectSection
EndProject
Project("{2150E333-8FDC-42A3-9474-1A3956D46DE8}") = "modules", "modules", "{987619E1-84EF-49BE-8F3E-6F86B26FB327}"
	ProjectSection(SolutionItems) = preProject
		ConvertedBicepTemplate\modules\appPlan.bicep = ConvertedBicepTemplate\modules\appPlan.bicep
		ConvertedBicepTemplate\modules\apps.bicep = ConvertedBicepTemplate\modules\apps.bicep
		ConvertedBicepTemplate\modules\insights.bicep = ConvertedBicepTemplate\modules\insights.bicep
	EndProjectSection
EndProject
Global
	GlobalSection(SolutionConfigurationPlatforms) = preSolution
		Debug|Any CPU = Debug|Any CPU
		Release|Any CPU = Release|Any CPU
	EndGlobalSection
	GlobalSection(ProjectConfigurationPlatforms) = postSolution
		{64C2DE19-ACC5-4720-90EF-6A2943D80323}.Debug|Any CPU.ActiveCfg = Debug|Any CPU
		{64C2DE19-ACC5-4720-90EF-6A2943D80323}.Debug|Any CPU.Build.0 = Debug|Any CPU
		{64C2DE19-ACC5-4720-90EF-6A2943D80323}.Release|Any CPU.ActiveCfg = Release|Any CPU
		{64C2DE19-ACC5-4720-90EF-6A2943D80323}.Release|Any CPU.Build.0 = Release|Any CPU
	EndGlobalSection
	GlobalSection(SolutionProperties) = preSolution
		HideSolutionNode = FALSE
	EndGlobalSection
	GlobalSection(NestedProjects) = preSolution
		{987619E1-84EF-49BE-8F3E-6F86B26FB327} = {E7EBD63C-9D1E-4DDD-951D-761ACFA7009C}
	EndGlobalSection
	GlobalSection(ExtensibilityGlobals) = postSolution
		SolutionGuid = {F1555FE6-740E-43A9-9320-C783BA95184D}
	EndGlobalSection
EndGlobal
