
Microsoft Visual Studio Solution File, Format Version 12.00
# Visual Studio Version 17
VisualStudioVersion = 17.1.32319.34
MinimumVisualStudioVersion = 10.0.40219.1
Project("{9A19103F-16F7-4668-BE54-9A1E7A4F7556}") = "FluentValidationSample", "FluentValidationSample\FluentValidationSample.csproj", "{7B25E152-1A13-423E-AE24-517198B8B47E}"
EndProject
Project("{FAE04EC0-301F-11D3-BF4B-00C04F79EFBC}") = "FluentValidationSampleUnitTests", "FluentValidationSampleUnitTests\FluentValidationSampleUnitTests.csproj", "{7AF71628-B9CC-461A-A0FD-972DF9D3A636}"
EndProject
Global
	GlobalSection(SolutionConfigurationPlatforms) = preSolution
		Debug|Any CPU = Debug|Any CPU
		Release|Any CPU = Release|Any CPU
	EndGlobalSection
	GlobalSection(ProjectConfigurationPlatforms) = postSolution
		{7B25E152-1A13-423E-AE24-517198B8B47E}.Debug|Any CPU.ActiveCfg = Debug|Any CPU
		{7B25E152-1A13-423E-AE24-517198B8B47E}.Debug|Any CPU.Build.0 = Debug|Any CPU
		{7B25E152-1A13-423E-AE24-517198B8B47E}.Release|Any CPU.ActiveCfg = Release|Any CPU
		{7B25E152-1A13-423E-AE24-517198B8B47E}.Release|Any CPU.Build.0 = Release|Any CPU
		{7AF71628-B9CC-461A-A0FD-972DF9D3A636}.Debug|Any CPU.ActiveCfg = Debug|Any CPU
		{7AF71628-B9CC-461A-A0FD-972DF9D3A636}.Debug|Any CPU.Build.0 = Debug|Any CPU
		{7AF71628-B9CC-461A-A0FD-972DF9D3A636}.Release|Any CPU.ActiveCfg = Release|Any CPU
		{7AF71628-B9CC-461A-A0FD-972DF9D3A636}.Release|Any CPU.Build.0 = Release|Any CPU
	EndGlobalSection
	GlobalSection(SolutionProperties) = preSolution
		HideSolutionNode = FALSE
	EndGlobalSection
	GlobalSection(ExtensibilityGlobals) = postSolution
		SolutionGuid = {DD7E2A6F-C785-4478-86F0-6364B9903C35}
	EndGlobalSection
EndGlobal
