
Microsoft Visual Studio Solution File, Format Version 12.00
# Visual Studio Version 17
VisualStudioVersion = 17.0.32014.148
MinimumVisualStudioVersion = 10.0.40219.1
Project("{FAE04EC0-301F-11D3-BF4B-00C04F79EFBC}") = "DependencyInjectionFunctionSample", "DependencyInjectionFunctionSample\DependencyInjectionFunctionSample.csproj", "{07C3DC5C-D91E-4E0B-886E-F2CEDAE53184}"
EndProject
Project("{FAE04EC0-301F-11D3-BF4B-00C04F79EFBC}") = "DependencyInjectionService", "DependencyInjectionService\DependencyInjectionService.csproj", "{EE38154B-CB00-45C2-B45A-BFF7C1A04B38}"
EndProject
Global
	GlobalSection(SolutionConfigurationPlatforms) = preSolution
		Debug|Any CPU = Debug|Any CPU
		Release|Any CPU = Release|Any CPU
	EndGlobalSection
	GlobalSection(ProjectConfigurationPlatforms) = postSolution
		{07C3DC5C-D91E-4E0B-886E-F2CEDAE53184}.Debug|Any CPU.ActiveCfg = Debug|Any CPU
		{07C3DC5C-D91E-4E0B-886E-F2CEDAE53184}.Debug|Any CPU.Build.0 = Debug|Any CPU
		{07C3DC5C-D91E-4E0B-886E-F2CEDAE53184}.Release|Any CPU.ActiveCfg = Release|Any CPU
		{07C3DC5C-D91E-4E0B-886E-F2CEDAE53184}.Release|Any CPU.Build.0 = Release|Any CPU
		{EE38154B-CB00-45C2-B45A-BFF7C1A04B38}.Debug|Any CPU.ActiveCfg = Debug|Any CPU
		{EE38154B-CB00-45C2-B45A-BFF7C1A04B38}.Debug|Any CPU.Build.0 = Debug|Any CPU
		{EE38154B-CB00-45C2-B45A-BFF7C1A04B38}.Release|Any CPU.ActiveCfg = Release|Any CPU
		{EE38154B-CB00-45C2-B45A-BFF7C1A04B38}.Release|Any CPU.Build.0 = Release|Any CPU
	EndGlobalSection
	GlobalSection(SolutionProperties) = preSolution
		HideSolutionNode = FALSE
	EndGlobalSection
	GlobalSection(ExtensibilityGlobals) = postSolution
		SolutionGuid = {695C45BE-82C1-41ED-B952-4DF39E51E7CD}
	EndGlobalSection
EndGlobal
