
Microsoft Visual Studio Solution File, Format Version 12.00
# Visual Studio Version 17
VisualStudioVersion = 17.3.32901.215
MinimumVisualStudioVersion = 10.0.40219.1
Project("{9A19103F-16F7-4668-BE54-9A1E7A4F7556}") = "SOLID_ISP_GOOD", "Good\SOLID_ISP_GOOD.csproj", "{3CCA6F4E-B7C2-4081-861C-27F18B6D78E1}"
EndProject
Project("{9A19103F-16F7-4668-BE54-9A1E7A4F7556}") = "SOLID_ISP_BAD", "Bad\SOLID_ISP_BAD.csproj", "{28827775-B03D-40F3-A4C2-E22A93158A97}"
EndProject
Global
	GlobalSection(SolutionConfigurationPlatforms) = preSolution
		Debug|Any CPU = Debug|Any CPU
		Release|Any CPU = Release|Any CPU
	EndGlobalSection
	GlobalSection(ProjectConfigurationPlatforms) = postSolution
		{3CCA6F4E-B7C2-4081-861C-27F18B6D78E1}.Debug|Any CPU.ActiveCfg = Debug|Any CPU
		{3CCA6F4E-B7C2-4081-861C-27F18B6D78E1}.Debug|Any CPU.Build.0 = Debug|Any CPU
		{3CCA6F4E-B7C2-4081-861C-27F18B6D78E1}.Release|Any CPU.ActiveCfg = Release|Any CPU
		{3CCA6F4E-B7C2-4081-861C-27F18B6D78E1}.Release|Any CPU.Build.0 = Release|Any CPU
		{28827775-B03D-40F3-A4C2-E22A93158A97}.Debug|Any CPU.ActiveCfg = Debug|Any CPU
		{28827775-B03D-40F3-A4C2-E22A93158A97}.Debug|Any CPU.Build.0 = Debug|Any CPU
		{28827775-B03D-40F3-A4C2-E22A93158A97}.Release|Any CPU.ActiveCfg = Release|Any CPU
		{28827775-B03D-40F3-A4C2-E22A93158A97}.Release|Any CPU.Build.0 = Release|Any CPU
	EndGlobalSection
	GlobalSection(SolutionProperties) = preSolution
		HideSolutionNode = FALSE
	EndGlobalSection
	GlobalSection(ExtensibilityGlobals) = postSolution
		SolutionGuid = {41DF4238-FC9E-4A33-A8B0-60FC0653AABB}
	EndGlobalSection
EndGlobal
