
Microsoft Visual Studio Solution File, Format Version 12.00
# Visual Studio Version 17
VisualStudioVersion = 17.2.32616.157
MinimumVisualStudioVersion = 10.0.40219.1
Project("{FAE04EC0-301F-11D3-BF4B-00C04F79EFBC}") = "FluentValidationFunction", "FluentValidationFunction\FluentValidationFunction.csproj", "{5CAA2E18-5C6B-46E4-914F-7E6867898A8E}"
EndProject
Global
	GlobalSection(SolutionConfigurationPlatforms) = preSolution
		Debug|Any CPU = Debug|Any CPU
		Release|Any CPU = Release|Any CPU
	EndGlobalSection
	GlobalSection(ProjectConfigurationPlatforms) = postSolution
		{5CAA2E18-5C6B-46E4-914F-7E6867898A8E}.Debug|Any CPU.ActiveCfg = Debug|Any CPU
		{5CAA2E18-5C6B-46E4-914F-7E6867898A8E}.Debug|Any CPU.Build.0 = Debug|Any CPU
		{5CAA2E18-5C6B-46E4-914F-7E6867898A8E}.Release|Any CPU.ActiveCfg = Release|Any CPU
		{5CAA2E18-5C6B-46E4-914F-7E6867898A8E}.Release|Any CPU.Build.0 = Release|Any CPU
	EndGlobalSection
	GlobalSection(SolutionProperties) = preSolution
		HideSolutionNode = FALSE
	EndGlobalSection
	GlobalSection(ExtensibilityGlobals) = postSolution
		SolutionGuid = {E94422E3-1BE7-4BA8-BE58-EACA80FC1C68}
	EndGlobalSection
EndGlobal
