
Microsoft Visual Studio Solution File, Format Version 12.00
# Visual Studio Version 16
VisualStudioVersion = 16.0.30114.105
MinimumVisualStudioVersion = 10.0.40219.1
Project("{FAE04EC0-301F-11D3-BF4B-00C04F79EFBC}") = "SOLID_SRP_BAD", "Bad\SOLID_SRP_BAD.csproj", "{D25D7FD4-A962-4343-9048-175F399E07F1}"
EndProject
Project("{FAE04EC0-301F-11D3-BF4B-00C04F79EFBC}") = "SOLID_SRP_GOOD", "Good\SOLID_SRP_GOOD.csproj", "{AB438B71-943C-49E0-8FD4-288630AA4FD5}"
EndProject
Global
	GlobalSection(SolutionConfigurationPlatforms) = preSolution
		Debug|Any CPU = Debug|Any CPU
		Release|Any CPU = Release|Any CPU
	EndGlobalSection
	GlobalSection(SolutionProperties) = preSolution
		HideSolutionNode = FALSE
	EndGlobalSection
	GlobalSection(ProjectConfigurationPlatforms) = postSolution
		{D25D7FD4-A962-4343-9048-175F399E07F1}.Debug|Any CPU.ActiveCfg = Debug|Any CPU
		{D25D7FD4-A962-4343-9048-175F399E07F1}.Debug|Any CPU.Build.0 = Debug|Any CPU
		{D25D7FD4-A962-4343-9048-175F399E07F1}.Release|Any CPU.ActiveCfg = Release|Any CPU
		{D25D7FD4-A962-4343-9048-175F399E07F1}.Release|Any CPU.Build.0 = Release|Any CPU
		{AB438B71-943C-49E0-8FD4-288630AA4FD5}.Debug|Any CPU.ActiveCfg = Debug|Any CPU
		{AB438B71-943C-49E0-8FD4-288630AA4FD5}.Debug|Any CPU.Build.0 = Debug|Any CPU
		{AB438B71-943C-49E0-8FD4-288630AA4FD5}.Release|Any CPU.ActiveCfg = Release|Any CPU
		{AB438B71-943C-49E0-8FD4-288630AA4FD5}.Release|Any CPU.Build.0 = Release|Any CPU
	EndGlobalSection
EndGlobal
