
Microsoft Visual Studio Solution File, Format Version 12.00
# Visual Studio Version 17
VisualStudioVersion = 17.3.32901.215
MinimumVisualStudioVersion = 10.0.40219.1
Project("{FAE04EC0-301F-11D3-BF4B-00C04F79EFBC}") = "DurableFunctionsHumanInteractionPattern", "DurableFunctionsHumanInteractionPattern\DurableFunctionsHumanInteractionPattern.csproj", "{5CF37A19-FEAB-45F9-98B2-8C2E34A40BCC}"
EndProject
Global
	GlobalSection(SolutionConfigurationPlatforms) = preSolution
		Debug|Any CPU = Debug|Any CPU
		Release|Any CPU = Release|Any CPU
	EndGlobalSection
	GlobalSection(ProjectConfigurationPlatforms) = postSolution
		{5CF37A19-FEAB-45F9-98B2-8C2E34A40BCC}.Debug|Any CPU.ActiveCfg = Debug|Any CPU
		{5CF37A19-FEAB-45F9-98B2-8C2E34A40BCC}.Debug|Any CPU.Build.0 = Debug|Any CPU
		{5CF37A19-FEAB-45F9-98B2-8C2E34A40BCC}.Release|Any CPU.ActiveCfg = Release|Any CPU
		{5CF37A19-FEAB-45F9-98B2-8C2E34A40BCC}.Release|Any CPU.Build.0 = Release|Any CPU
	EndGlobalSection
	GlobalSection(SolutionProperties) = preSolution
		HideSolutionNode = FALSE
	EndGlobalSection
	GlobalSection(ExtensibilityGlobals) = postSolution
		SolutionGuid = {E6CC5337-B306-4226-9FAA-3E8902F84250}
	EndGlobalSection
EndGlobal
